
Microsoft Visual Studio Solution File, Format Version 12.00
# Visual Studio Version 17
VisualStudioVersion = 17.0.31919.166
MinimumVisualStudioVersion = 10.0.40219.1
Project("{FAE04EC0-301F-11D3-BF4B-00C04F79EFBC}") = "try-catch-performace", "try-catch-performace\try-catch-performace.csproj", "{DB571482-23CD-4F9F-94A2-46568809F4D3}"
EndProject
Global
	GlobalSection(SolutionConfigurationPlatforms) = preSolution
		Debug|Any CPU = Debug|Any CPU
		Release|Any CPU = Release|Any CPU
	EndGlobalSection
	GlobalSection(ProjectConfigurationPlatforms) = postSolution
		{DB571482-23CD-4F9F-94A2-46568809F4D3}.Debug|Any CPU.ActiveCfg = Debug|Any CPU
		{DB571482-23CD-4F9F-94A2-46568809F4D3}.Debug|Any CPU.Build.0 = Debug|Any CPU
		{DB571482-23CD-4F9F-94A2-46568809F4D3}.Release|Any CPU.ActiveCfg = Release|Any CPU
		{DB571482-23CD-4F9F-94A2-46568809F4D3}.Release|Any CPU.Build.0 = Release|Any CPU
	EndGlobalSection
	GlobalSection(SolutionProperties) = preSolution
		HideSolutionNode = FALSE
	EndGlobalSection
	GlobalSection(ExtensibilityGlobals) = postSolution
		SolutionGuid = {8B25ACC0-834A-49CE-B4EE-C8FBFF0CEC8F}
	EndGlobalSection
EndGlobal
